# This file is automatically @generated by Poetry and should not be changed by hand.

[[package]]
name = "pypandoc"
version = "1.13"
description = "Thin wrapper for pandoc."
category = "main"
optional = false
python-versions = ">=3.6"
files = [
    {file = "pypandoc-1.13-py3-none-any.whl", hash = "sha256:4c7d71bf2f1ed122aac287113b5c4d537a33bbc3c1df5aed11a7d4a7ac074681"},
    {file = "pypandoc-1.13.tar.gz", hash = "sha256:31652073c7960c2b03570bd1e94f602ca9bc3e70099df5ead4cea98ff5151c1e"},
]

[metadata]
lock-version = "2.0"
python-versions = "^3.10"
content-hash = "69bba73b02cc488e4f864272845424c3675959253e11600f8904b17e7b83d75e"
